
Microsoft Visual Studio Solution File, Format Version 12.00
# Visual Studio Version 16
VisualStudioVersion = 16.0.30611.23
MinimumVisualStudioVersion = 10.0.40219.1
Project("{9A19103F-16F7-4668-BE54-9A1E7A4F7556}") = "API-BET", "API-BET\API-BET.csproj", "{CC8652E9-F1E4-43A6-A0C1-64656EBE8DE5}"
EndProject
Project("{2150E333-8FDC-42A3-9474-1A3956D46DE8}") = "Solution Items", "Solution Items", "{81224FD6-E304-4D95-BB97-E860B6D37443}"
	ProjectSection(SolutionItems) = preProject
		Readme.md = Readme.md
	EndProjectSection
EndProject
Project("{9A19103F-16F7-4668-BE54-9A1E7A4F7556}") = "API-BET.Unit.Tests", "API-BET.Unit.Tests\API-BET.Unit.Tests.csproj", "{B1E4A079-6650-4D76-BD31-D5F313E83EE9}"
EndProject
Global
	GlobalSection(SolutionConfigurationPlatforms) = preSolution
		Debug|Any CPU = Debug|Any CPU
		Release|Any CPU = Release|Any CPU
	EndGlobalSection
	GlobalSection(ProjectConfigurationPlatforms) = postSolution
		{CC8652E9-F1E4-43A6-A0C1-64656EBE8DE5}.Debug|Any CPU.ActiveCfg = Debug|Any CPU
		{CC8652E9-F1E4-43A6-A0C1-64656EBE8DE5}.Debug|Any CPU.Build.0 = Debug|Any CPU
		{CC8652E9-F1E4-43A6-A0C1-64656EBE8DE5}.Release|Any CPU.ActiveCfg = Release|Any CPU
		{CC8652E9-F1E4-43A6-A0C1-64656EBE8DE5}.Release|Any CPU.Build.0 = Release|Any CPU
		{B1E4A079-6650-4D76-BD31-D5F313E83EE9}.Debug|Any CPU.ActiveCfg = Debug|Any CPU
		{B1E4A079-6650-4D76-BD31-D5F313E83EE9}.Debug|Any CPU.Build.0 = Debug|Any CPU
		{B1E4A079-6650-4D76-BD31-D5F313E83EE9}.Release|Any CPU.ActiveCfg = Release|Any CPU
		{B1E4A079-6650-4D76-BD31-D5F313E83EE9}.Release|Any CPU.Build.0 = Release|Any CPU
	EndGlobalSection
	GlobalSection(SolutionProperties) = preSolution
		HideSolutionNode = FALSE
	EndGlobalSection
	GlobalSection(ExtensibilityGlobals) = postSolution
		SolutionGuid = {DB5565B3-E2D6-47FB-8379-911E4156EAD9}
	EndGlobalSection
EndGlobal
